<?xml version="1.0" encoding="utf-8"?>
<Project ToolsVersion="4.0" xmlns="http://schemas.microsoft.com/developer/msbuild/2003">
  <ItemGroup>
    <Filter Include="src">
      <UniqueIdentifier>{375b5816-d9b9-43ff-9f7b-db252612d3b7}</UniqueIdentifier>
      <Extensions>cpp;c;cxx;def;odl;idl;hpj;bat;asm</Extensions>
    </Filter>
    <Filter Include="Resource Files">
      <UniqueIdentifier>{051a81e3-5ec9-4eb7-bca9-bd9711324d9b}</UniqueIdentifier>
      <Extensions>rc;ico;cur;bmp;dlg;rc2;rct;bin;rgs;gif;jpg;jpeg;jpe</Extensions>
    </Filter>
    <Filter Include="plugins">
      <UniqueIdentifier>{b92c8865-6bad-4213-8407-8c7de6c75fe3}</UniqueIdentifier>
    </Filter>
  </ItemGroup>
  <ItemGroup>
    <ClCompile Include="..\src\main.cpp">
      <Filter>src</Filter>
    </ClCompile>
    <ClCompile Include="..\src\OpenSteerDemo.cpp">
      <Filter>src</Filter>
    </ClCompile>
    <ClCompile Include="..\plugins\Boids.cpp">
      <Filter>plugins</Filter>
    </ClCompile>
    <ClCompile Include="..\plugins\CaptureTheFlag.cpp">
      <Filter>plugins</Filter>
    </ClCompile>
    <ClCompile Include="..\plugins\LowSpeedTurn.cpp">
      <Filter>plugins</Filter>
    </ClCompile>
    <ClCompile Include="..\plugins\MapDrive.cpp">
      <Filter>plugins</Filter>
    </ClCompile>
    <ClCompile Include="..\plugins\MultiplePursuit.cpp">
      <Filter>plugins</Filter>
    </ClCompile>
    <ClCompile Include="..\plugins\OneTurning.cpp">
      <Filter>plugins</Filter>
    </ClCompile>
    <ClCompile Include="..\plugins\Pedestrian.cpp">
      <Filter>plugins</Filter>
    </ClCompile>
    <ClCompile Include="..\plugins\Soccer.cpp">
      <Filter>plugins</Filter>
    </ClCompile>
    <ClCompile Include="..\plugins\PedestriansWalkingAnEight.cpp">
      <Filter>plugins</Filter>
    </ClCompile>
  </ItemGroup>
  <ItemGroup>
    <ClInclude Include="..\include\OpenSteer\OpenSteerDemo.h">
      <Filter>src</Filter>
    </ClInclude>
    <ClInclude Include="resource.h" />
  </ItemGroup>
  <ItemGroup>
    <Image Include="OpenSteerDemo.ico">
      <Filter>Resource Files</Filter>
    </Image>
  </ItemGroup>
  <ItemGroup>
    <ResourceCompile Include="SteerTest.rc">
      <Filter>Resource Files</Filter>
    </ResourceCompile>
  </ItemGroup>
</Project>